{"1.1.0",
[{<<"epgsql">>,{pkg,<<"epgsql">>,<<"3.4.0">>},0},
 {<<"poolboy">>,{pkg,<<"poolboy">>,<<"1.5.2">>},0}]}.
[
{pkg_hash,[
 {<<"epgsql">>, <<"39D473B83D74329A88F8FB1F99AD24C7A2329FD753957C488808CB7C0FC8164E">>},
 {<<"poolboy">>, <<"392B007A1693A64540CEAD79830443ABF5762F5D30CF50BC95CB2C1AAAFA006B">>}]}
].
